
Microsoft Visual Studio Solution File, Format Version 12.00
# Visual Studio Version 17
VisualStudioVersion = 17.9.34607.119
MinimumVisualStudioVersion = 10.0.40219.1
Project("{FAE04EC0-301F-11D3-BF4B-00C04F79EFBC}") = "CQA", "CQA.csproj", "{FA42048F-1D6B-4573-A40E-7F20B1F59FCB}"
EndProject
Global
	GlobalSection(SolutionConfigurationPlatforms) = preSolution
		Debug|Any CPU = Debug|Any CPU
		Release|Any CPU = Release|Any CPU
	EndGlobalSection
	GlobalSection(ProjectConfigurationPlatforms) = postSolution
		{FA42048F-1D6B-4573-A40E-7F20B1F59FCB}.Debug|Any CPU.ActiveCfg = Debug|Any CPU
		{FA42048F-1D6B-4573-A40E-7F20B1F59FCB}.Debug|Any CPU.Build.0 = Debug|Any CPU
		{FA42048F-1D6B-4573-A40E-7F20B1F59FCB}.Release|Any CPU.ActiveCfg = Release|Any CPU
		{FA42048F-1D6B-4573-A40E-7F20B1F59FCB}.Release|Any CPU.Build.0 = Release|Any CPU
	EndGlobalSection
	GlobalSection(SolutionProperties) = preSolution
		HideSolutionNode = FALSE
	EndGlobalSection
	GlobalSection(ExtensibilityGlobals) = postSolution
		SolutionGuid = {6550F437-F79E-4757-8441-4BA444E93E99}
	EndGlobalSection
EndGlobal
